
Microsoft Visual Studio Solution File, Format Version 12.00
# Visual Studio Version 16
VisualStudioVersion = 16.0.31729.503
MinimumVisualStudioVersion = 10.0.40219.1
Project("{FAE04EC0-301F-11D3-BF4B-00C04F79EFBC}") = "Projeto1", "Projeto1\Projeto1.csproj", "{E3DACB6E-C409-41ED-8FF0-C71FD5C79C2F}"
EndProject
Global
	GlobalSection(SolutionConfigurationPlatforms) = preSolution
		Debug|Any CPU = Debug|Any CPU
		Release|Any CPU = Release|Any CPU
	EndGlobalSection
	GlobalSection(ProjectConfigurationPlatforms) = postSolution
		{E3DACB6E-C409-41ED-8FF0-C71FD5C79C2F}.Debug|Any CPU.ActiveCfg = Debug|Any CPU
		{E3DACB6E-C409-41ED-8FF0-C71FD5C79C2F}.Debug|Any CPU.Build.0 = Debug|Any CPU
		{E3DACB6E-C409-41ED-8FF0-C71FD5C79C2F}.Release|Any CPU.ActiveCfg = Release|Any CPU
		{E3DACB6E-C409-41ED-8FF0-C71FD5C79C2F}.Release|Any CPU.Build.0 = Release|Any CPU
	EndGlobalSection
	GlobalSection(SolutionProperties) = preSolution
		HideSolutionNode = FALSE
	EndGlobalSection
	GlobalSection(ExtensibilityGlobals) = postSolution
		SolutionGuid = {F5E3094A-822F-4952-87A0-BD441E5B0B6E}
	EndGlobalSection
EndGlobal
